
Microsoft Visual Studio Solution File, Format Version 12.00
# Visual Studio Version 17
VisualStudioVersion = 17.13.35919.96
MinimumVisualStudioVersion = 10.0.40219.1
Project("{FAE04EC0-301F-11D3-BF4B-00C04F79EFBC}") = "Supermercato_DB", "Supermercato_DB\Supermercato_DB.csproj", "{C80CD413-E03C-4520-82CE-7866DBEA8871}"
EndProject
Project("{FAE04EC0-301F-11D3-BF4B-00C04F79EFBC}") = "Supermercato_DB.Tests", "Supermercato_DB.Tests\Supermercato_DB.Tests.csproj", "{3DFE3368-0855-4F75-BD81-FAB2561B36B0}"
EndProject
Global
	GlobalSection(SolutionConfigurationPlatforms) = preSolution
		Debug|Any CPU = Debug|Any CPU
		Release|Any CPU = Release|Any CPU
	EndGlobalSection
	GlobalSection(ProjectConfigurationPlatforms) = postSolution
		{C80CD413-E03C-4520-82CE-7866DBEA8871}.Debug|Any CPU.ActiveCfg = Debug|Any CPU
		{C80CD413-E03C-4520-82CE-7866DBEA8871}.Debug|Any CPU.Build.0 = Debug|Any CPU
		{C80CD413-E03C-4520-82CE-7866DBEA8871}.Release|Any CPU.ActiveCfg = Release|Any CPU
		{C80CD413-E03C-4520-82CE-7866DBEA8871}.Release|Any CPU.Build.0 = Release|Any CPU
		{3DFE3368-0855-4F75-BD81-FAB2561B36B0}.Debug|Any CPU.ActiveCfg = Debug|Any CPU
		{3DFE3368-0855-4F75-BD81-FAB2561B36B0}.Debug|Any CPU.Build.0 = Debug|Any CPU
		{3DFE3368-0855-4F75-BD81-FAB2561B36B0}.Release|Any CPU.ActiveCfg = Release|Any CPU
		{3DFE3368-0855-4F75-BD81-FAB2561B36B0}.Release|Any CPU.Build.0 = Release|Any CPU
	EndGlobalSection
	GlobalSection(SolutionProperties) = preSolution
		HideSolutionNode = FALSE
	EndGlobalSection
	GlobalSection(ExtensibilityGlobals) = postSolution
		SolutionGuid = {90DC8D6F-B9F5-46E6-9C68-A89367B2EB6E}
	EndGlobalSection
EndGlobal
