
Microsoft Visual Studio Solution File, Format Version 12.00
# Visual Studio Version 17
VisualStudioVersion = 17.13.35919.96 d17.13
MinimumVisualStudioVersion = 10.0.40219.1
Project("{FAE04EC0-301F-11D3-BF4B-00C04F79EFBC}") = "Calcolatrice4Testing", "Calcolatrice4Testing\Calcolatrice4Testing.csproj", "{758D0005-1B00-4B58-ABDC-1161A02BA8B9}"
EndProject
Project("{FAE04EC0-301F-11D3-BF4B-00C04F79EFBC}") = "Calcolatrice4Testing.Tests", "Calcolatrice4Testing.Tests\Calcolatrice4Testing.Tests.csproj", "{6A709777-A2BE-47F0-9CA4-CA3D82561712}"
EndProject
Global
	GlobalSection(SolutionConfigurationPlatforms) = preSolution
		Debug|Any CPU = Debug|Any CPU
		Release|Any CPU = Release|Any CPU
	EndGlobalSection
	GlobalSection(ProjectConfigurationPlatforms) = postSolution
		{758D0005-1B00-4B58-ABDC-1161A02BA8B9}.Debug|Any CPU.ActiveCfg = Debug|Any CPU
		{758D0005-1B00-4B58-ABDC-1161A02BA8B9}.Debug|Any CPU.Build.0 = Debug|Any CPU
		{758D0005-1B00-4B58-ABDC-1161A02BA8B9}.Release|Any CPU.ActiveCfg = Release|Any CPU
		{758D0005-1B00-4B58-ABDC-1161A02BA8B9}.Release|Any CPU.Build.0 = Release|Any CPU
		{6A709777-A2BE-47F0-9CA4-CA3D82561712}.Debug|Any CPU.ActiveCfg = Debug|Any CPU
		{6A709777-A2BE-47F0-9CA4-CA3D82561712}.Debug|Any CPU.Build.0 = Debug|Any CPU
		{6A709777-A2BE-47F0-9CA4-CA3D82561712}.Release|Any CPU.ActiveCfg = Release|Any CPU
		{6A709777-A2BE-47F0-9CA4-CA3D82561712}.Release|Any CPU.Build.0 = Release|Any CPU
	EndGlobalSection
	GlobalSection(SolutionProperties) = preSolution
		HideSolutionNode = FALSE
	EndGlobalSection
	GlobalSection(ExtensibilityGlobals) = postSolution
		SolutionGuid = {34337B16-1850-459B-BF59-3AE3570BC1F8}
	EndGlobalSection
EndGlobal
